{
  "name": "websocketnext",
  "version": "1.0.0",
  "lockfileVersion": 1,
  "requires": true,
  "dependencies": {
    "create-next-app": {
      "version": "9.5.2",
      "resolved": "https://registry.npmjs.org/create-next-app/-/create-next-app-9.5.2.tgz",
      "integrity": "sha512-UREcJNhwiBl4aU1Kl+wXdECb+wZWzCkXHdkuY4nQIKqKC24HFXsOpg955Ug2UauTUTVdAjlET+BbdAvKw0f7xQ=="
    }
  }
}
